// !$*UTF8*$!
{
	archiveVersion = 1;
	classes = {
	};
	objectVersion = 46;
	objects = {

/* Begin PBXBuildFile section */
		3C0509E81E1BD45F0024EEF9 /* AppDelegate.swift in Sources */ = {isa = PBXBuildFile; fileRef = 3C0509E71E1BD45F0024EEF9 /* AppDelegate.swift */; };
		3C0509EA1E1BD45F0024EEF9 /* MealViewController.swift in Sources */ = {isa = PBXBuildFile; fileRef = 3C0509E91E1BD45F0024EEF9 /* MealViewController.swift */; };
		3C0509ED1E1BD45F0024EEF9 /* Main.storyboard in Resources */ = {isa = PBXBuildFile; fileRef = 3C0509EB1E1BD45F0024EEF9 /* Main.storyboard */; };
		3C0509EF1E1BD45F0024EEF9 /* Assets.xcassets in Resources */ = {isa = PBXBuildFile; fileRef = 3C0509EE1E1BD45F0024EEF9 /* Assets.xcassets */; };
		3C0509F21E1BD45F0024EEF9 /* LaunchScreen.storyboard in Resources */ = {isa = PBXBuildFile; fileRef = 3C0509F01E1BD45F0024EEF9 /* LaunchScreen.storyboard */; };
		3C0509FD1E1BD45F0024EEF9 /* FoodTracker2Tests.swift in Sources */ = {isa = PBXBuildFile; fileRef = 3C0509FC1E1BD45F0024EEF9 /* FoodTracker2Tests.swift */; };
		3C050A081E1BF4C00024EEF9 /* RatingControl.swift in Sources */ = {isa = PBXBuildFile; fileRef = 3C050A071E1BF4C00024EEF9 /* RatingControl.swift */; };
		3CFE7C5F1E1C71C700FEED21 /* Meal.swift in Sources */ = {isa = PBXBuildFile; fileRef = 3CFE7C5E1E1C71C700FEED21 /* Meal.swift */; };
		3CFE7C611E1C931B00FEED21 /* MealTableViewCell.swift in Sources */ = {isa = PBXBuildFile; fileRef = 3CFE7C601E1C931B00FEED21 /* MealTableViewCell.swift */; };
		3CFE7C631E1C9ACD00FEED21 /* MealTableViewController.swift in Sources */ = {isa = PBXBuildFile; fileRef = 3CFE7C621E1C9ACD00FEED21 /* MealTableViewController.swift */; };
/* End PBXBuildFile section */

/* Begin PBXContainerItemProxy section */
		3C0509F91E1BD45F0024EEF9 /* PBXContainerItemProxy */ = {
			isa = PBXContainerItemProxy;
			containerPortal = 3C0509DC1E1BD45E0024EEF9 /* Project object */;
			proxyType = 1;
			remoteGlobalIDString = 3C0509E31E1BD45E0024EEF9;
			remoteInfo = FoodTracker2;
		};
/* End PBXContainerItemProxy section */

/* Begin PBXFileReference section */
		3C0509E41E1BD45F0024EEF9 /* FoodTracker2.app */ = {isa = PBXFileReference; explicitFileType = wrapper.application; includeInIndex = 0; path = FoodTracker2.app; sourceTree = BUILT_PRODUCTS_DIR; };
		3C0509E71E1BD45F0024EEF9 /* AppDelegate.swift */ = {isa = PBXFileReference; lastKnownFileType = sourcecode.swift; path = AppDelegate.swift; sourceTree = "<group>"; };
		3C0509E91E1BD45F0024EEF9 /* MealViewController.swift */ = {isa = PBXFileReference; lastKnownFileType = sourcecode.swift; path = MealViewController.swift; sourceTree = "<group>"; };
		3C0509EC1E1BD45F0024EEF9 /* Base */ = {isa = PBXFileReference; lastKnownFileType = file.storyboard; name = Base; path = Base.lproj/Main.storyboard; sourceTree = "<group>"; };
		3C0509EE1E1BD45F0024EEF9 /* Assets.xcassets */ = {isa = PBXFileReference; lastKnownFileType = folder.assetcatalog; path = Assets.xcassets; sourceTree = "<group>"; };
		3C0509F11E1BD45F0024EEF9 /* Base */ = {isa = PBXFileReference; lastKnownFileType = file.storyboard; name = Base; path = Base.lproj/LaunchScreen.storyboard; sourceTree = "<group>"; };
		3C0509F31E1BD45F0024EEF9 /* Info.plist */ = {isa = PBXFileReference; lastKnownFileType = text.plist.xml; path = Info.plist; sourceTree = "<group>"; };
		3C0509F81E1BD45F0024EEF9 /* FoodTracker2Tests.xctest */ = {isa = PBXFileReference; explicitFileType = wrapper.cfbundle; includeInIndex = 0; path = FoodTracker2Tests.xctest; sourceTree = BUILT_PRODUCTS_DIR; };
		3C0509FC1E1BD45F0024EEF9 /* FoodTracker2Tests.swift */ = {isa = PBXFileReference; lastKnownFileType = sourcecode.swift; path = FoodTracker2Tests.swift; sourceTree = "<group>"; };
		3C0509FE1E1BD45F0024EEF9 /* Info.plist */ = {isa = PBXFileReference; lastKnownFileType = text.plist.xml; path = Info.plist; sourceTree = "<group>"; };
		3C050A071E1BF4C00024EEF9 /* RatingControl.swift */ = {isa = PBXFileReference; fileEncoding = 4; lastKnownFileType = sourcecode.swift; path = RatingControl.swift; sourceTree = "<group>"; };
		3CFE7C5E1E1C71C700FEED21 /* Meal.swift */ = {isa = PBXFileReference; fileEncoding = 4; lastKnownFileType = sourcecode.swift; name = Meal.swift; path = ../Meal.swift; sourceTree = "<group>"; };
		3CFE7C601E1C931B00FEED21 /* MealTableViewCell.swift */ = {isa = PBXFileReference; fileEncoding = 4; lastKnownFileType = sourcecode.swift; name = MealTableViewCell.swift; path = ../MealTableViewCell.swift; sourceTree = "<group>"; };
		3CFE7C621E1C9ACD00FEED21 /* MealTableViewController.swift */ = {isa = PBXFileReference; fileEncoding = 4; lastKnownFileType = sourcecode.swift; path = MealTableViewController.swift; sourceTree = "<group>"; };
/* End PBXFileReference section */

/* Begin PBXFrameworksBuildPhase section */
		3C0509E11E1BD45E0024EEF9 /* Frameworks */ = {
			isa = PBXFrameworksBuildPhase;
			buildActionMask = 2147483647;
			files = (
			);
			runOnlyForDeploymentPostprocessing = 0;
		};
		3C0509F51E1BD45F0024EEF9 /* Frameworks */ = {
			isa = PBXFrameworksBuildPhase;
			buildActionMask = 2147483647;
			files = (
			);
			runOnlyForDeploymentPostprocessing = 0;
		};
/* End PBXFrameworksBuildPhase section */

/* Begin PBXGroup section */
		3C0509DB1E1BD45E0024EEF9 = {
			isa = PBXGroup;
			children = (
				3C0509E61E1BD45F0024EEF9 /* FoodTracker2 */,
				3C0509FB1E1BD45F0024EEF9 /* FoodTracker2Tests */,
				3C0509E51E1BD45F0024EEF9 /* Products */,
			);
			sourceTree = "<group>";
		};
		3C0509E51E1BD45F0024EEF9 /* Products */ = {
			isa = PBXGroup;
			children = (
				3C0509E41E1BD45F0024EEF9 /* FoodTracker2.app */,
				3C0509F81E1BD45F0024EEF9 /* FoodTracker2Tests.xctest */,
			);
			name = Products;
			sourceTree = "<group>";
		};
		3C0509E61E1BD45F0024EEF9 /* FoodTracker2 */ = {
			isa = PBXGroup;
			children = (
				3C0509E71E1BD45F0024EEF9 /* AppDelegate.swift */,
				3C0509E91E1BD45F0024EEF9 /* MealViewController.swift */,
				3C050A071E1BF4C00024EEF9 /* RatingControl.swift */,
				3CFE7C5E1E1C71C700FEED21 /* Meal.swift */,
				3CFE7C601E1C931B00FEED21 /* MealTableViewCell.swift */,
				3CFE7C621E1C9ACD00FEED21 /* MealTableViewController.swift */,
				3C0509EB1E1BD45F0024EEF9 /* Main.storyboard */,
				3C0509EE1E1BD45F0024EEF9 /* Assets.xcassets */,
				3C0509F01E1BD45F0024EEF9 /* LaunchScreen.storyboard */,
				3C0509F31E1BD45F0024EEF9 /* Info.plist */,
			);
			path = FoodTracker2;
			sourceTree = "<group>";
		};
		3C0509FB1E1BD45F0024EEF9 /* FoodTracker2Tests */ = {
			isa = PBXGroup;
			children = (
				3C0509FC1E1BD45F0024EEF9 /* FoodTracker2Tests.swift */,
				3C0509FE1E1BD45F0024EEF9 /* Info.plist */,
			);
			path = FoodTracker2Tests;
			sourceTree = "<group>";
		};
/* End PBXGroup section */

/* Begin PBXNativeTarget section */
		3C0509E31E1BD45E0024EEF9 /* FoodTracker2 */ = {
			isa = PBXNativeTarget;
			buildConfigurationList = 3C050A011E1BD45F0024EEF9 /* Build configuration list for PBXNativeTarget "FoodTracker2" */;
			buildPhases = (
				3C0509E01E1BD45E0024EEF9 /* Sources */,
				3C0509E11E1BD45E0024EEF9 /* Frameworks */,
				3C0509E21E1BD45E0024EEF9 /* Resources */,
			);
			buildRules = (
			);
			dependencies = (
			);
			name = FoodTracker2;
			productName = FoodTracker2;
			productReference = 3C0509E41E1BD45F0024EEF9 /* FoodTracker2.app */;
			productType = "com.apple.product-type.application";
		};
		3C0509F71E1BD45F0024EEF9 /* FoodTracker2Tests */ = {
			isa = PBXNativeTarget;
			buildConfigurationList = 3C050A041E1BD45F0024EEF9 /* Build configuration list for PBXNativeTarget "FoodTracker2Tests" */;
			buildPhases = (
				3C0509F41E1BD45F0024EEF9 /* Sources */,
				3C0509F51E1BD45F0024EEF9 /* Frameworks */,
				3C0509F61E1BD45F0024EEF9 /* Resources */,
			);
			buildRules = (
			);
			dependencies = (
				3C0509FA1E1BD45F0024EEF9 /* PBXTargetDependency */,
			);
			name = FoodTracker2Tests;
			productName = FoodTracker2Tests;
			productReference = 3C0509F81E1BD45F0024EEF9 /* FoodTracker2Tests.xctest */;
			productType = "com.apple.product-type.bundle.unit-test";
		};
/* End PBXNativeTarget section */

/* Begin PBXProject section */
		3C0509DC1E1BD45E0024EEF9 /* Project object */ = {
			isa = PBXProject;
			attributes = {
				LastSwiftUpdateCheck = 0820;
				LastUpgradeCheck = 0820;
				ORGANIZATIONNAME = "Apple Inc.";
				TargetAttributes = {
					3C0509E31E1BD45E0024EEF9 = {
						CreatedOnToolsVersion = 8.2.1;
						DevelopmentTeam = 6U4488G2DP;
						ProvisioningStyle = Automatic;
					};
					3C0509F71E1BD45F0024EEF9 = {
						CreatedOnToolsVersion = 8.2.1;
						ProvisioningStyle = Automatic;
						TestTargetID = 3C0509E31E1BD45E0024EEF9;
					};
				};
			};
			buildConfigurationList = 3C0509DF1E1BD45E0024EEF9 /* Build configuration list for PBXProject "FoodTracker2" */;
			compatibilityVersion = "Xcode 3.2";
			developmentRegion = English;
			hasScannedForEncodings = 0;
			knownRegions = (
				en,
				Base,
			);
			mainGroup = 3C0509DB1E1BD45E0024EEF9;
			productRefGroup = 3C0509E51E1BD45F0024EEF9 /* Products */;
			projectDirPath = "";
			projectRoot = "";
			targets = (
				3C0509E31E1BD45E0024EEF9 /* FoodTracker2 */,
				3C0509F71E1BD45F0024EEF9 /* FoodTracker2Tests */,
			);
		};
/* End PBXProject section */

/* Begin PBXResourcesBuildPhase section */
		3C0509E21E1BD45E0024EEF9 /* Resources */ = {
			isa = PBXResourcesBuildPhase;
			buildActionMask = 2147483647;
			files = (
				3C0509F21E1BD45F0024EEF9 /* LaunchScreen.storyboard in Resources */,
				3C0509EF1E1BD45F0024EEF9 /* Assets.xcassets in Resources */,
				3C0509ED1E1BD45F0024EEF9 /* Main.storyboard in Resources */,
			);
			runOnlyForDeploymentPostprocessing = 0;
		};
		3C0509F61E1BD45F0024EEF9 /* Resources */ = {
			isa = PBXResourcesBuildPhase;
			buildActionMask = 2147483647;
			files = (
			);
			runOnlyForDeploymentPostprocessing = 0;
		};
/* End PBXResourcesBuildPhase section */

/* Begin PBXSourcesBuildPhase section */
		3C0509E01E1BD45E0024EEF9 /* Sources */ = {
			isa = PBXSourcesBuildPhase;
			buildActionMask = 2147483647;
			files = (
				3CFE7C5F1E1C71C700FEED21 /* Meal.swift in Sources */,
				3C0509EA1E1BD45F0024EEF9 /* MealViewController.swift in Sources */,
				3C050A081E1BF4C00024EEF9 /* RatingControl.swift in Sources */,
				3C0509E81E1BD45F0024EEF9 /* AppDelegate.swift in Sources */,
				3CFE7C631E1C9ACD00FEED21 /* MealTableViewController.swift in Sources */,
				3CFE7C611E1C931B00FEED21 /* MealTableViewCell.swift in Sources */,
			);
			runOnlyForDeploymentPostprocessing = 0;
		};
		3C0509F41E1BD45F0024EEF9 /* Sources */ = {
			isa = PBXSourcesBuildPhase;
			buildActionMask = 2147483647;
			files = (
				3C0509FD1E1BD45F0024EEF9 /* FoodTracker2Tests.swift in Sources */,
			);
			runOnlyForDeploymentPostprocessing = 0;
		};
/* End PBXSourcesBuildPhase section */

/* Begin PBXTargetDependency section */
		3C0509FA1E1BD45F0024EEF9 /* PBXTargetDependency */ = {
			isa = PBXTargetDependency;
			target = 3C0509E31E1BD45E0024EEF9 /* FoodTracker2 */;
			targetProxy = 3C0509F91E1BD45F0024EEF9 /* PBXContainerItemProxy */;
		};
/* End PBXTargetDependency section */

/* Begin PBXVariantGroup section */
		3C0509EB1E1BD45F0024EEF9 /* Main.storyboard */ = {
			isa = PBXVariantGroup;
			children = (
				3C0509EC1E1BD45F0024EEF9 /* Base */,
			);
			name = Main.storyboard;
			sourceTree = "<group>";
		};
		3C0509F01E1BD45F0024EEF9 /* LaunchScreen.storyboard */ = {
			isa = PBXVariantGroup;
			children = (
				3C0509F11E1BD45F0024EEF9 /* Base */,
			);
			name = LaunchScreen.storyboard;
			sourceTree = "<group>";
		};
/* End PBXVariantGroup section */

/* Begin XCBuildConfiguration section */
		3C0509FF1E1BD45F0024EEF9 /* Debug */ = {
			isa = XCBuildConfiguration;
			buildSettings = {
				ALWAYS_SEARCH_USER_PATHS = NO;
				CLANG_ANALYZER_NONNULL = YES;
				CLANG_CXX_LANGUAGE_STANDARD = "gnu++0x";
				CLANG_CXX_LIBRARY = "libc++";
				CLANG_ENABLE_MODULES = YES;
				CLANG_ENABLE_OBJC_ARC = YES;
				CLANG_WARN_BOOL_CONVERSION = YES;
				CLANG_WARN_CONSTANT_CONVERSION = YES;
				CLANG_WARN_DIRECT_OBJC_ISA_USAGE = YES_ERROR;
				CLANG_WARN_DOCUMENTATION_COMMENTS = YES;
				CLANG_WARN_EMPTY_BODY = YES;
				CLANG_WARN_ENUM_CONVERSION = YES;
				CLANG_WARN_INFINITE_RECURSION = YES;
				CLANG_WARN_INT_CONVERSION = YES;
				CLANG_WARN_OBJC_ROOT_CLASS = YES_ERROR;
				CLANG_WARN_SUSPICIOUS_MOVE = YES;
				CLANG_WARN_UNREACHABLE_CODE = YES;
				CLANG_WARN__DUPLICATE_METHOD_MATCH = YES;
				"CODE_SIGN_IDENTITY[sdk=iphoneos*]" = "iPhone Developer";
				COPY_PHASE_STRIP = NO;
				DEBUG_INFORMATION_FORMAT = dwarf;
				ENABLE_STRICT_OBJC_MSGSEND = YES;
				ENABLE_TESTABILITY = YES;
				GCC_C_LANGUAGE_STANDARD = gnu99;
				GCC_DYNAMIC_NO_PIC = NO;
				GCC_NO_COMMON_BLOCKS = YES;
				GCC_OPTIMIZATION_LEVEL = 0;
				GCC_PREPROCESSOR_DEFINITIONS = (
					"DEBUG=1",
					"$(inherited)",
				);
				GCC_WARN_64_TO_32_BIT_CONVERSION = YES;
				GCC_WARN_ABOUT_RETURN_TYPE = YES_ERROR;
				GCC_WARN_UNDECLARED_SELECTOR = YES;
				GCC_WARN_UNINITIALIZED_AUTOS = YES_AGGRESSIVE;
				GCC_WARN_UNUSED_FUNCTION = YES;
				GCC_WARN_UNUSED_VARIABLE = YES;
				IPHONEOS_DEPLOYMENT_TARGET = 10.2;
				MTL_ENABLE_DEBUG_INFO = YES;
				ONLY_ACTIVE_ARCH = YES;
				SDKROOT = iphoneos;
				SWIFT_ACTIVE_COMPILATION_CONDITIONS = DEBUG;
				SWIFT_OPTIMIZATION_LEVEL = "-Onone";
				TARGETED_DEVICE_FAMILY = "1,2";
			};
			name = Debug;
		};
		3C050A001E1BD45F0024EEF9 /* Release */ = {
			isa = XCBuildConfiguration;
			buildSettings = {
				ALWAYS_SEARCH_USER_PATHS = NO;
				CLANG_ANALYZER_NONNULL = YES;
				CLANG_CXX_LANGUAGE_STANDARD = "gnu++0x";
				CLANG_CXX_LIBRARY = "libc++";
				CLANG_ENABLE_MODULES = YES;
				CLANG_ENABLE_OBJC_ARC = YES;
				CLANG_WARN_BOOL_CONVERSION = YES;
				CLANG_WARN_CONSTANT_CONVERSION = YES;
				CLANG_WARN_DIRECT_OBJC_ISA_USAGE = YES_ERROR;
				CLANG_WARN_DOCUMENTATION_COMMENTS = YES;
				CLANG_WARN_EMPTY_BODY = YES;
				CLANG_WARN_ENUM_CONVERSION = YES;
				CLANG_WARN_INFINITE_RECURSION = YES;
				CLANG_WARN_INT_CONVERSION = YES;
				CLANG_WARN_OBJC_ROOT_CLASS = YES_ERROR;
				CLANG_WARN_SUSPICIOUS_MOVE = YES;
				CLANG_WARN_UNREACHABLE_CODE = YES;
				CLANG_WARN__DUPLICATE_METHOD_MATCH = YES;
				"CODE_SIGN_IDENTITY[sdk=iphoneos*]" = "iPhone Developer";
				COPY_PHASE_STRIP = NO;
				DEBUG_INFORMATION_FORMAT = "dwarf-with-dsym";
				ENABLE_NS_ASSERTIONS = NO;
				ENABLE_STRICT_OBJC_MSGSEND = YES;
				GCC_C_LANGUAGE_STANDARD = gnu99;
				GCC_NO_COMMON_BLOCKS = YES;
				GCC_WARN_64_TO_32_BIT_CONVERSION = YES;
				GCC_WARN_ABOUT_RETURN_TYPE = YES_ERROR;
				GCC_WARN_UNDECLARED_SELECTOR = YES;
				GCC_WARN_UNINITIALIZED_AUTOS = YES_AGGRESSIVE;
				GCC_WARN_UNUSED_FUNCTION = YES;
				GCC_WARN_UNUSED_VARIABLE = YES;
				IPHONEOS_DEPLOYMENT_TARGET = 10.2;
				MTL_ENABLE_DEBUG_INFO = NO;
				SDKROOT = iphoneos;
				SWIFT_OPTIMIZATION_LEVEL = "-Owholemodule";
				TARGETED_DEVICE_FAMILY = "1,2";
				VALIDATE_PRODUCT = YES;
			};
			name = Release;
		};
		3C050A021E1BD45F0024EEF9 /* Debug */ = {
			isa = XCBuildConfiguration;
			buildSettings = {
				ASSETCATALOG_COMPILER_APPICON_NAME = AppIcon;
				DEVELOPMENT_TEAM = 6U4488G2DP;
				INFOPLIST_FILE = FoodTracker2/Info.plist;
				LD_RUNPATH_SEARCH_PATHS = "$(inherited) @executable_path/Frameworks";
				PRODUCT_BUNDLE_IDENTIFIER = com.example.FoodTracker2;
				PRODUCT_NAME = "$(TARGET_NAME)";
				SWIFT_VERSION = 3.0;
			};
			name = Debug;
		};
		3C050A031E1BD45F0024EEF9 /* Release */ = {
			isa = XCBuildConfiguration;
			buildSettings = {
				ASSETCATALOG_COMPILER_APPICON_NAME = AppIcon;
				DEVELOPMENT_TEAM = 6U4488G2DP;
				INFOPLIST_FILE = FoodTracker2/Info.plist;
				LD_RUNPATH_SEARCH_PATHS = "$(inherited) @executable_path/Frameworks";
				PRODUCT_BUNDLE_IDENTIFIER = com.example.FoodTracker2;
				PRODUCT_NAME = "$(TARGET_NAME)";
				SWIFT_VERSION = 3.0;
			};
			name = Release;
		};
		3C050A051E1BD45F0024EEF9 /* Debug */ = {
			isa = XCBuildConfiguration;
			buildSettings = {
				ALWAYS_EMBED_SWIFT_STANDARD_LIBRARIES = YES;
				BUNDLE_LOADER = "$(TEST_HOST)";
				INFOPLIST_FILE = FoodTracker2Tests/Info.plist;
				LD_RUNPATH_SEARCH_PATHS = "$(inherited) @executable_path/Frameworks @loader_path/Frameworks";
				PRODUCT_BUNDLE_IDENTIFIER = com.example.FoodTracker2Tests;
				PRODUCT_NAME = "$(TARGET_NAME)";
				SWIFT_VERSION = 3.0;
				TEST_HOST = "$(BUILT_PRODUCTS_DIR)/FoodTracker2.app/FoodTracker2";
			};
			name = Debug;
		};
		3C050A061E1BD45F0024EEF9 /* Release */ = {
			isa = XCBuildConfiguration;
			buildSettings = {
				ALWAYS_EMBED_SWIFT_STANDARD_LIBRARIES = YES;
				BUNDLE_LOADER = "$(TEST_HOST)";
				INFOPLIST_FILE = FoodTracker2Tests/Info.plist;
				LD_RUNPATH_SEARCH_PATHS = "$(inherited) @executable_path/Frameworks @loader_path/Frameworks";
				PRODUCT_BUNDLE_IDENTIFIER = com.example.FoodTracker2Tests;
				PRODUCT_NAME = "$(TARGET_NAME)";
				SWIFT_VERSION = 3.0;
				TEST_HOST = "$(BUILT_PRODUCTS_DIR)/FoodTracker2.app/FoodTracker2";
			};
			name = Release;
		};
/* End XCBuildConfiguration section */

/* Begin XCConfigurationList section */
		3C0509DF1E1BD45E0024EEF9 /* Build configuration list for PBXProject "FoodTracker2" */ = {
			isa = XCConfigurationList;
			buildConfigurations = (
				3C0509FF1E1BD45F0024EEF9 /* Debug */,
				3C050A001E1BD45F0024EEF9 /* Release */,
			);
			defaultConfigurationIsVisible = 0;
			defaultConfigurationName = Release;
		};
		3C050A011E1BD45F0024EEF9 /* Build configuration list for PBXNativeTarget "FoodTracker2" */ = {
			isa = XCConfigurationList;
			buildConfigurations = (
				3C050A021E1BD45F0024EEF9 /* Debug */,
				3C050A031E1BD45F0024EEF9 /* Release */,
			);
			defaultConfigurationIsVisible = 0;
			defaultConfigurationName = Release;
		};
		3C050A041E1BD45F0024EEF9 /* Build configuration list for PBXNativeTarget "FoodTracker2Tests" */ = {
			isa = XCConfigurationList;
			buildConfigurations = (
				3C050A051E1BD45F0024EEF9 /* Debug */,
				3C050A061E1BD45F0024EEF9 /* Release */,
			);
			defaultConfigurationIsVisible = 0;
			defaultConfigurationName = Release;
		};
/* End XCConfigurationList section */
	};
	rootObject = 3C0509DC1E1BD45E0024EEF9 /* Project object */;
}
